
Microsoft Visual Studio Solution File, Format Version 12.00
# Visual Studio 15
VisualStudioVersion = 15.0.27428.2015
MinimumVisualStudioVersion = 10.0.40219.1
Project("{FAE04EC0-301F-11D3-BF4B-00C04F79EFBC}") = "WebApiFutLunes", "WebApiFutLunes\WebApiFutLunes.csproj", "{5560EC26-ECA8-4786-B82F-1A9F951F970D}"
EndProject
Project("{FAE04EC0-301F-11D3-BF4B-00C04F79EFBC}") = "WebApiFutLunes.Data", "WebApiFutLunes.Data\WebApiFutLunes.Data.csproj", "{D867A20D-02F2-45FF-96A5-113076047557}"
EndProject
Project("{FAE04EC0-301F-11D3-BF4B-00C04F79EFBC}") = "WebApiFutLunes.Test", "WebApiFutLunes.Test\WebApiFutLunes.Test.csproj", "{9B524924-97D0-4948-B14C-6B66B5A918A8}"
EndProject
Global
	GlobalSection(SolutionConfigurationPlatforms) = preSolution
		Debug|Any CPU = Debug|Any CPU
		Release|Any CPU = Release|Any CPU
	EndGlobalSection
	GlobalSection(ProjectConfigurationPlatforms) = postSolution
		{5560EC26-ECA8-4786-B82F-1A9F951F970D}.Debug|Any CPU.ActiveCfg = Debug|Any CPU
		{5560EC26-ECA8-4786-B82F-1A9F951F970D}.Debug|Any CPU.Build.0 = Debug|Any CPU
		{5560EC26-ECA8-4786-B82F-1A9F951F970D}.Release|Any CPU.ActiveCfg = Release|Any CPU
		{5560EC26-ECA8-4786-B82F-1A9F951F970D}.Release|Any CPU.Build.0 = Release|Any CPU
		{D867A20D-02F2-45FF-96A5-113076047557}.Debug|Any CPU.ActiveCfg = Debug|Any CPU
		{D867A20D-02F2-45FF-96A5-113076047557}.Debug|Any CPU.Build.0 = Debug|Any CPU
		{D867A20D-02F2-45FF-96A5-113076047557}.Release|Any CPU.ActiveCfg = Release|Any CPU
		{D867A20D-02F2-45FF-96A5-113076047557}.Release|Any CPU.Build.0 = Release|Any CPU
		{9B524924-97D0-4948-B14C-6B66B5A918A8}.Debug|Any CPU.ActiveCfg = Debug|Any CPU
		{9B524924-97D0-4948-B14C-6B66B5A918A8}.Debug|Any CPU.Build.0 = Debug|Any CPU
		{9B524924-97D0-4948-B14C-6B66B5A918A8}.Release|Any CPU.ActiveCfg = Release|Any CPU
		{9B524924-97D0-4948-B14C-6B66B5A918A8}.Release|Any CPU.Build.0 = Release|Any CPU
	EndGlobalSection
	GlobalSection(SolutionProperties) = preSolution
		HideSolutionNode = FALSE
	EndGlobalSection
	GlobalSection(ExtensibilityGlobals) = postSolution
		SolutionGuid = {EDF67A92-5341-402C-90DF-60A825A5746A}
	EndGlobalSection
EndGlobal
